
Microsoft Visual Studio Solution File, Format Version 12.00
# Visual Studio Version 16
VisualStudioVersion = 16.0.31005.135
MinimumVisualStudioVersion = 10.0.40219.1
Project("{FAE04EC0-301F-11D3-BF4B-00C04F79EFBC}") = "CryptoTracker", "CryptoTracker.csproj", "{251B5D84-A820-478D-8DAB-4DF8679A725F}"
EndProject
Global
	GlobalSection(SolutionConfigurationPlatforms) = preSolution
		Debug|Any CPU = Debug|Any CPU
		Release|Any CPU = Release|Any CPU
	EndGlobalSection
	GlobalSection(ProjectConfigurationPlatforms) = postSolution
		{251B5D84-A820-478D-8DAB-4DF8679A725F}.Debug|Any CPU.ActiveCfg = Debug|Any CPU
		{251B5D84-A820-478D-8DAB-4DF8679A725F}.Debug|Any CPU.Build.0 = Debug|Any CPU
		{251B5D84-A820-478D-8DAB-4DF8679A725F}.Release|Any CPU.ActiveCfg = Release|Any CPU
		{251B5D84-A820-478D-8DAB-4DF8679A725F}.Release|Any CPU.Build.0 = Release|Any CPU
	EndGlobalSection
	GlobalSection(SolutionProperties) = preSolution
		HideSolutionNode = FALSE
	EndGlobalSection
	GlobalSection(ExtensibilityGlobals) = postSolution
		SolutionGuid = {F6BE7DC0-BE8E-4E48-8A07-E528938B9E6B}
	EndGlobalSection
EndGlobal
